
Microsoft Visual Studio Solution File, Format Version 12.00
# Visual Studio Version 16
VisualStudioVersion = 16.0.30413.136
MinimumVisualStudioVersion = 10.0.40219.1
Project("{9A19103F-16F7-4668-BE54-9A1E7A4F7556}") = "InlämningsUppgifter_Iot", "InlämningsUppgifter_Iot\InlämningsUppgifter_Iot.csproj", "{6885DEA5-305E-483B-99B9-79593BF5C6E3}"
EndProject
Project("{9A19103F-16F7-4668-BE54-9A1E7A4F7556}") = "SharedLibrary", "SharedLibrary\SharedLibrary.csproj", "{F79DF5F5-138F-4C5C-994C-C0C6F22F7705}"
EndProject
Project("{FAE04EC0-301F-11D3-BF4B-00C04F79EFBC}") = "AzureFunctions", "AzureFunctions\AzureFunctions.csproj", "{D04C19F7-445D-4AE4-B9E7-82B77DFB6CDC}"
EndProject
Global
	GlobalSection(SolutionConfigurationPlatforms) = preSolution
		Debug|Any CPU = Debug|Any CPU
		Release|Any CPU = Release|Any CPU
	EndGlobalSection
	GlobalSection(ProjectConfigurationPlatforms) = postSolution
		{6885DEA5-305E-483B-99B9-79593BF5C6E3}.Debug|Any CPU.ActiveCfg = Debug|Any CPU
		{6885DEA5-305E-483B-99B9-79593BF5C6E3}.Debug|Any CPU.Build.0 = Debug|Any CPU
		{6885DEA5-305E-483B-99B9-79593BF5C6E3}.Release|Any CPU.ActiveCfg = Release|Any CPU
		{6885DEA5-305E-483B-99B9-79593BF5C6E3}.Release|Any CPU.Build.0 = Release|Any CPU
		{F79DF5F5-138F-4C5C-994C-C0C6F22F7705}.Debug|Any CPU.ActiveCfg = Debug|Any CPU
		{F79DF5F5-138F-4C5C-994C-C0C6F22F7705}.Debug|Any CPU.Build.0 = Debug|Any CPU
		{F79DF5F5-138F-4C5C-994C-C0C6F22F7705}.Release|Any CPU.ActiveCfg = Release|Any CPU
		{F79DF5F5-138F-4C5C-994C-C0C6F22F7705}.Release|Any CPU.Build.0 = Release|Any CPU
		{D04C19F7-445D-4AE4-B9E7-82B77DFB6CDC}.Debug|Any CPU.ActiveCfg = Debug|Any CPU
		{D04C19F7-445D-4AE4-B9E7-82B77DFB6CDC}.Debug|Any CPU.Build.0 = Debug|Any CPU
		{D04C19F7-445D-4AE4-B9E7-82B77DFB6CDC}.Release|Any CPU.ActiveCfg = Release|Any CPU
		{D04C19F7-445D-4AE4-B9E7-82B77DFB6CDC}.Release|Any CPU.Build.0 = Release|Any CPU
	EndGlobalSection
	GlobalSection(SolutionProperties) = preSolution
		HideSolutionNode = FALSE
	EndGlobalSection
	GlobalSection(ExtensibilityGlobals) = postSolution
		SolutionGuid = {E88E0A52-F2E6-4684-B356-EF3F57AB4A49}
	EndGlobalSection
EndGlobal
